// !$*UTF8*$!
{
	archiveVersion = 1;
	classes = {
	};
	objectVersion = 46;
	objects = {

/* Begin PBXBuildFile section */
		2E07D88F2227EA7200A3FEBF /* AboutWebViewController.swift in Sources */ = {isa = PBXBuildFile; fileRef = 2E07D88E2227EA7200A3FEBF /* AboutWebViewController.swift */; };
		46BE7BF1204E0B4E0067A475 /* ExternalAccessory.framework in Frameworks */ = {isa = PBXBuildFile; fileRef = 46BE7BEF204E0AD20067A475 /* ExternalAccessory.framework */; };
		46BE7BFF204E15D90067A475 /* AudioToolbox.framework in Frameworks */ = {isa = PBXBuildFile; fileRef = 46BE7BFE204E15D90067A475 /* AudioToolbox.framework */; };
		46BE7C01204E15E70067A475 /* CoreAudio.framework in Frameworks */ = {isa = PBXBuildFile; fileRef = 46BE7C00204E15E70067A475 /* CoreAudio.framework */; };
		46BE7C03204E15F20067A475 /* MediaPlayer.framework in Frameworks */ = {isa = PBXBuildFile; fileRef = 46BE7C02204E15F20067A475 /* MediaPlayer.framework */; };
		46BE7C05204E16030067A475 /* CoreBluetooth.framework in Frameworks */ = {isa = PBXBuildFile; fileRef = 46BE7C04204E16030067A475 /* CoreBluetooth.framework */; };
		46BE7C07204E160E0067A475 /* AVFoundation.framework in Frameworks */ = {isa = PBXBuildFile; fileRef = 46BE7C06204E160E0067A475 /* AVFoundation.framework */; };
		46D1551B1F90249500A8D6FC /* CustomRadioButton.swift in Sources */ = {isa = PBXBuildFile; fileRef = 46D1551A1F90249500A8D6FC /* CustomRadioButton.swift */; };
		4BC296661C5A814700CC7063 /* AppDelegate.swift in Sources */ = {isa = PBXBuildFile; fileRef = 4BC296651C5A814700CC7063 /* AppDelegate.swift */; };
		4BC296681C5A814700CC7063 /* PlaceOrderViewController.swift in Sources */ = {isa = PBXBuildFile; fileRef = 4BC296671C5A814700CC7063 /* PlaceOrderViewController.swift */; };
		4BC2966B1C5A814700CC7063 /* Main.storyboard in Resources */ = {isa = PBXBuildFile; fileRef = 4BC296691C5A814700CC7063 /* Main.storyboard */; };
		4BC2966D1C5A814700CC7063 /* Assets.xcassets in Resources */ = {isa = PBXBuildFile; fileRef = 4BC2966C1C5A814700CC7063 /* Assets.xcassets */; };
		4BC296701C5A814700CC7063 /* LaunchScreen.storyboard in Resources */ = {isa = PBXBuildFile; fileRef = 4BC2966E1C5A814700CC7063 /* LaunchScreen.storyboard */; };
		897C51C321B7E4FB00CD38B7 /* EnterKeyedInDetailsViewController.swift in Sources */ = {isa = PBXBuildFile; fileRef = 897C51C221B7E4FB00CD38B7 /* EnterKeyedInDetailsViewController.swift */; };
		89F4AA1121ADF7330049873E /* AddItemsViewController.swift in Sources */ = {isa = PBXBuildFile; fileRef = 89F4AA1021ADF7330049873E /* AddItemsViewController.swift */; };
		985FA9221D2DB15A000CA276 /* HistoryTableViewController.swift in Sources */ = {isa = PBXBuildFile; fileRef = 985FA9211D2DB15A000CA276 /* HistoryTableViewController.swift */; };
		987850481D10C6070048490A /* Settings.swift in Sources */ = {isa = PBXBuildFile; fileRef = 987850471D10C6070048490A /* Settings.swift */; };
		9878504F1D10D8AE0048490A /* KeychainStore.m in Sources */ = {isa = PBXBuildFile; fileRef = 9878504E1D10D8AE0048490A /* KeychainStore.m */; };
		98812D851D5D63DF0061EF7C /* TransactionActionCell.swift in Sources */ = {isa = PBXBuildFile; fileRef = 98812D841D5D63DF0061EF7C /* TransactionActionCell.swift */; };
		988443A11D4B2A9A00EE332E /* SearchTableViewController.swift in Sources */ = {isa = PBXBuildFile; fileRef = 988443A01D4B2A9A00EE332E /* SearchTableViewController.swift */; };
		988443AD1D4BB53D00EE332E /* TransactionDetailTableViewController.swift in Sources */ = {isa = PBXBuildFile; fileRef = 988443AC1D4BB53D00EE332E /* TransactionDetailTableViewController.swift */; };
		989BA9221D63BF4100DE2A0C /* PlaceOrderView.swift in Sources */ = {isa = PBXBuildFile; fileRef = 989BA9211D63BF4100DE2A0C /* PlaceOrderView.swift */; };
		98AE00831D4A6AC0007ACA49 /* HistoryTableViewCell.swift in Sources */ = {isa = PBXBuildFile; fileRef = 98AE00821D4A6AC0007ACA49 /* HistoryTableViewCell.swift */; };
		98DC5C831D480591008C5334 /* Utils.swift in Sources */ = {isa = PBXBuildFile; fileRef = 98DC5C821D480591008C5334 /* Utils.swift */; };
		A0044C902228EDBC00329077 /* StoresConfiguration.json in Resources */ = {isa = PBXBuildFile; fileRef = A0044C872228EDBC00329077 /* StoresConfiguration.json */; };
		A0044C912228EDBC00329077 /* CYBSDropDownConstants.swift in Sources */ = {isa = PBXBuildFile; fileRef = A0044C892228EDBC00329077 /* CYBSDropDownConstants.swift */; };
		A0044C922228EDBC00329077 /* CYBSDropDownCell.swift in Sources */ = {isa = PBXBuildFile; fileRef = A0044C8A2228EDBC00329077 /* CYBSDropDownCell.swift */; };
		A0044C932228EDBC00329077 /* CYBSDropDownUIView+Extension.swift in Sources */ = {isa = PBXBuildFile; fileRef = A0044C8B2228EDBC00329077 /* CYBSDropDownUIView+Extension.swift */; };
		A0044C942228EDBC00329077 /* CYBSKeyboardListener.swift in Sources */ = {isa = PBXBuildFile; fileRef = A0044C8C2228EDBC00329077 /* CYBSKeyboardListener.swift */; };
		A0044C952228EDBC00329077 /* CYBSDropDown+Appearance.swift in Sources */ = {isa = PBXBuildFile; fileRef = A0044C8D2228EDBC00329077 /* CYBSDropDown+Appearance.swift */; };
		A0044C962228EDBC00329077 /* CYBSDropDown.swift in Sources */ = {isa = PBXBuildFile; fileRef = A0044C8E2228EDBC00329077 /* CYBSDropDown.swift */; };
		A0044C972228EDBC00329077 /* CYBSDropDownCell.xib in Resources */ = {isa = PBXBuildFile; fileRef = A0044C8F2228EDBC00329077 /* CYBSDropDownCell.xib */; };
		A0044C992228F97D00329077 /* DeviceManagementViewController.swift in Sources */ = {isa = PBXBuildFile; fileRef = A0044C982228F97D00329077 /* DeviceManagementViewController.swift */; };
		A0259B6F219AA58B00C0531E /* BaseCell.swift in Sources */ = {isa = PBXBuildFile; fileRef = A0259B6E219AA58B00C0531E /* BaseCell.swift */; };
		A0259B71219AA6E100C0531E /* ItemCell.swift in Sources */ = {isa = PBXBuildFile; fileRef = A0259B70219AA6E100C0531E /* ItemCell.swift */; };
		A0259B81219B2DC600C0531E /* TradeGothicLTStd-Bd2.otf in Resources */ = {isa = PBXBuildFile; fileRef = A0259B73219B2D9600C0531E /* TradeGothicLTStd-Bd2.otf */; };
		A0259B82219B2DC600C0531E /* TradeGothicLTStd-Bd2Obl.otf in Resources */ = {isa = PBXBuildFile; fileRef = A0259B74219B2D9600C0531E /* TradeGothicLTStd-Bd2Obl.otf */; };
		A0259B83219B2DC600C0531E /* TradeGothicLTStd-BdCn20.otf in Resources */ = {isa = PBXBuildFile; fileRef = A0259B75219B2D9600C0531E /* TradeGothicLTStd-BdCn20.otf */; };
		A0259B84219B2DC600C0531E /* TradeGothicLTStd-BdCn20Obl.otf in Resources */ = {isa = PBXBuildFile; fileRef = A0259B76219B2D9600C0531E /* TradeGothicLTStd-BdCn20Obl.otf */; };
		A0259B85219B2DC600C0531E /* TradeGothicLTStd-Bold.otf in Resources */ = {isa = PBXBuildFile; fileRef = A0259B77219B2D9600C0531E /* TradeGothicLTStd-Bold.otf */; };
		A0259B86219B2DC600C0531E /* TradeGothicLTStd-BoldExt.otf in Resources */ = {isa = PBXBuildFile; fileRef = A0259B78219B2D9600C0531E /* TradeGothicLTStd-BoldExt.otf */; };
		A0259B87219B2DC600C0531E /* TradeGothicLTStd-BoldObl.otf in Resources */ = {isa = PBXBuildFile; fileRef = A0259B79219B2D9600C0531E /* TradeGothicLTStd-BoldObl.otf */; };
		A0259B88219B2DC600C0531E /* TradeGothicLTStd-Cn18.otf in Resources */ = {isa = PBXBuildFile; fileRef = A0259B7A219B2D9600C0531E /* TradeGothicLTStd-Cn18.otf */; };
		A0259B89219B2DC600C0531E /* TradeGothicLTStd-Cn18Obl.otf in Resources */ = {isa = PBXBuildFile; fileRef = A0259B7B219B2D9600C0531E /* TradeGothicLTStd-Cn18Obl.otf */; };
		A0259B8A219B2DC600C0531E /* TradeGothicLTStd-Extended.otf in Resources */ = {isa = PBXBuildFile; fileRef = A0259B7C219B2D9600C0531E /* TradeGothicLTStd-Extended.otf */; };
		A0259B8B219B2DC600C0531E /* TradeGothicLTStd-Light.otf in Resources */ = {isa = PBXBuildFile; fileRef = A0259B7D219B2D9600C0531E /* TradeGothicLTStd-Light.otf */; };
		A0259B8C219B2DC600C0531E /* TradeGothicLTStd-LightObl.otf in Resources */ = {isa = PBXBuildFile; fileRef = A0259B7E219B2D9600C0531E /* TradeGothicLTStd-LightObl.otf */; };
		A0259B8D219B2DC600C0531E /* TradeGothicLTStd-Obl.otf in Resources */ = {isa = PBXBuildFile; fileRef = A0259B7F219B2D9600C0531E /* TradeGothicLTStd-Obl.otf */; };
		A0259B8E219B2DC600C0531E /* TradeGothicLTStd.otf in Resources */ = {isa = PBXBuildFile; fileRef = A0259B80219B2D9600C0531E /* TradeGothicLTStd.otf */; };
		A06AB28121B52126001D343E /* AddressViewController.swift in Sources */ = {isa = PBXBuildFile; fileRef = A06AB28021B52126001D343E /* AddressViewController.swift */; };
		A0743C02224DE6DB000743B3 /* SegmentCell.swift in Sources */ = {isa = PBXBuildFile; fileRef = A0743BFD224DE6DB000743B3 /* SegmentCell.swift */; };
		A0743C03224DE6DB000743B3 /* DetailCell.swift in Sources */ = {isa = PBXBuildFile; fileRef = A0743BFE224DE6DB000743B3 /* DetailCell.swift */; };
		A0743C04224DE6DB000743B3 /* TextFieldCell.swift in Sources */ = {isa = PBXBuildFile; fileRef = A0743BFF224DE6DB000743B3 /* TextFieldCell.swift */; };
		A0743C06224DE6DB000743B3 /* SwitchCell.swift in Sources */ = {isa = PBXBuildFile; fileRef = A0743C01224DE6DB000743B3 /* SwitchCell.swift */; };
		A0743C08224DE751000743B3 /* Settings.storyboard in Resources */ = {isa = PBXBuildFile; fileRef = A0743C07224DE751000743B3 /* Settings.storyboard */; };
		A0DD8EA3218B3B6D009D66C3 /* TransactionSignatureCell.swift in Sources */ = {isa = PBXBuildFile; fileRef = A0DD8EA2218B3B6D009D66C3 /* TransactionSignatureCell.swift */; };
		A0DD8EAC218B4A03009D66C3 /* OTAViewController.swift in Sources */ = {isa = PBXBuildFile; fileRef = A0DD8EA0218B3B54009D66C3 /* OTAViewController.swift */; };
		F8A39B7E20D32778008E7E0E /* SettingsViewController.swift in Sources */ = {isa = PBXBuildFile; fileRef = F8A39B7D20D32778008E7E0E /* SettingsViewController.swift */; };
		F8C6BC6A21FE9B6100A3ADA0 /* CYBSMposKit.framework in Frameworks */ = {isa = PBXBuildFile; fileRef = F8C6BC6921FE9B6100A3ADA0 /* CYBSMposKit.framework */; };
		F8C6BC6B21FE9B6100A3ADA0 /* CYBSMposKit.framework in Embed Frameworks */ = {isa = PBXBuildFile; fileRef = F8C6BC6921FE9B6100A3ADA0 /* CYBSMposKit.framework */; settings = {ATTRIBUTES = (CodeSignOnCopy, RemoveHeadersOnCopy, ); }; };
/* End PBXBuildFile section */

/* Begin PBXCopyFilesBuildPhase section */
		F8C6BC6C21FE9B6100A3ADA0 /* Embed Frameworks */ = {
			isa = PBXCopyFilesBuildPhase;
			buildActionMask = 2147483647;
			dstPath = "";
			dstSubfolderSpec = 10;
			files = (
				F8C6BC6B21FE9B6100A3ADA0 /* CYBSMposKit.framework in Embed Frameworks */,
			);
			name = "Embed Frameworks";
			runOnlyForDeploymentPostprocessing = 0;
		};
/* End PBXCopyFilesBuildPhase section */

/* Begin PBXFileReference section */
		2E07D88E2227EA7200A3FEBF /* AboutWebViewController.swift */ = {isa = PBXFileReference; lastKnownFileType = sourcecode.swift; path = AboutWebViewController.swift; sourceTree = "<group>"; };
		46BE7BEF204E0AD20067A475 /* ExternalAccessory.framework */ = {isa = PBXFileReference; lastKnownFileType = wrapper.framework; name = ExternalAccessory.framework; path = System/Library/Frameworks/ExternalAccessory.framework; sourceTree = SDKROOT; };
		46BE7BFE204E15D90067A475 /* AudioToolbox.framework */ = {isa = PBXFileReference; lastKnownFileType = wrapper.framework; name = AudioToolbox.framework; path = System/Library/Frameworks/AudioToolbox.framework; sourceTree = SDKROOT; };
		46BE7C00204E15E70067A475 /* CoreAudio.framework */ = {isa = PBXFileReference; lastKnownFileType = wrapper.framework; name = CoreAudio.framework; path = System/Library/Frameworks/CoreAudio.framework; sourceTree = SDKROOT; };
		46BE7C02204E15F20067A475 /* MediaPlayer.framework */ = {isa = PBXFileReference; lastKnownFileType = wrapper.framework; name = MediaPlayer.framework; path = System/Library/Frameworks/MediaPlayer.framework; sourceTree = SDKROOT; };
		46BE7C04204E16030067A475 /* CoreBluetooth.framework */ = {isa = PBXFileReference; lastKnownFileType = wrapper.framework; name = CoreBluetooth.framework; path = System/Library/Frameworks/CoreBluetooth.framework; sourceTree = SDKROOT; };
		46BE7C06204E160E0067A475 /* AVFoundation.framework */ = {isa = PBXFileReference; lastKnownFileType = wrapper.framework; name = AVFoundation.framework; path = System/Library/Frameworks/AVFoundation.framework; sourceTree = SDKROOT; };
		46D1551A1F90249500A8D6FC /* CustomRadioButton.swift */ = {isa = PBXFileReference; fileEncoding = 4; lastKnownFileType = sourcecode.swift; path = CustomRadioButton.swift; sourceTree = "<group>"; };
		4BC296621C5A814700CC7063 /* CYBSMposKitDemo.app */ = {isa = PBXFileReference; explicitFileType = wrapper.application; includeInIndex = 0; path = CYBSMposKitDemo.app; sourceTree = BUILT_PRODUCTS_DIR; };
		4BC296651C5A814700CC7063 /* AppDelegate.swift */ = {isa = PBXFileReference; lastKnownFileType = sourcecode.swift; path = AppDelegate.swift; sourceTree = "<group>"; };
		4BC296671C5A814700CC7063 /* PlaceOrderViewController.swift */ = {isa = PBXFileReference; lastKnownFileType = sourcecode.swift; path = PlaceOrderViewController.swift; sourceTree = "<group>"; };
		4BC2966A1C5A814700CC7063 /* Base */ = {isa = PBXFileReference; lastKnownFileType = file.storyboard; name = Base; path = Base.lproj/Main.storyboard; sourceTree = "<group>"; };
		4BC2966C1C5A814700CC7063 /* Assets.xcassets */ = {isa = PBXFileReference; lastKnownFileType = folder.assetcatalog; path = Assets.xcassets; sourceTree = "<group>"; };
		4BC2966F1C5A814700CC7063 /* Base */ = {isa = PBXFileReference; lastKnownFileType = file.storyboard; name = Base; path = Base.lproj/LaunchScreen.storyboard; sourceTree = "<group>"; };
		4BC296711C5A814700CC7063 /* Info.plist */ = {isa = PBXFileReference; lastKnownFileType = text.plist.xml; path = Info.plist; sourceTree = "<group>"; };
		4BC2967C1C5AD30500CC7063 /* CYBSMposKitDemo-Bridging-Header.h */ = {isa = PBXFileReference; fileEncoding = 4; lastKnownFileType = sourcecode.c.h; path = "CYBSMposKitDemo-Bridging-Header.h"; sourceTree = "<group>"; };
		897C51C221B7E4FB00CD38B7 /* EnterKeyedInDetailsViewController.swift */ = {isa = PBXFileReference; lastKnownFileType = sourcecode.swift; path = EnterKeyedInDetailsViewController.swift; sourceTree = "<group>"; };
		89F4AA1021ADF7330049873E /* AddItemsViewController.swift */ = {isa = PBXFileReference; lastKnownFileType = sourcecode.swift; path = AddItemsViewController.swift; sourceTree = "<group>"; };
		985FA9211D2DB15A000CA276 /* HistoryTableViewController.swift */ = {isa = PBXFileReference; fileEncoding = 4; lastKnownFileType = sourcecode.swift; path = HistoryTableViewController.swift; sourceTree = "<group>"; };
		987850471D10C6070048490A /* Settings.swift */ = {isa = PBXFileReference; fileEncoding = 4; lastKnownFileType = sourcecode.swift; path = Settings.swift; sourceTree = "<group>"; };
		9878504D1D10D8AE0048490A /* KeychainStore.h */ = {isa = PBXFileReference; fileEncoding = 4; lastKnownFileType = sourcecode.c.h; path = KeychainStore.h; sourceTree = "<group>"; };
		9878504E1D10D8AE0048490A /* KeychainStore.m */ = {isa = PBXFileReference; fileEncoding = 4; lastKnownFileType = sourcecode.c.objc; path = KeychainStore.m; sourceTree = "<group>"; };
		98812D841D5D63DF0061EF7C /* TransactionActionCell.swift */ = {isa = PBXFileReference; fileEncoding = 4; lastKnownFileType = sourcecode.swift; path = TransactionActionCell.swift; sourceTree = "<group>"; };
		988443A01D4B2A9A00EE332E /* SearchTableViewController.swift */ = {isa = PBXFileReference; fileEncoding = 4; lastKnownFileType = sourcecode.swift; path = SearchTableViewController.swift; sourceTree = "<group>"; };
		988443AC1D4BB53D00EE332E /* TransactionDetailTableViewController.swift */ = {isa = PBXFileReference; fileEncoding = 4; lastKnownFileType = sourcecode.swift; path = TransactionDetailTableViewController.swift; sourceTree = "<group>"; };
		989BA9211D63BF4100DE2A0C /* PlaceOrderView.swift */ = {isa = PBXFileReference; fileEncoding = 4; lastKnownFileType = sourcecode.swift; path = PlaceOrderView.swift; sourceTree = "<group>"; };
		98AE00821D4A6AC0007ACA49 /* HistoryTableViewCell.swift */ = {isa = PBXFileReference; fileEncoding = 4; lastKnownFileType = sourcecode.swift; path = HistoryTableViewCell.swift; sourceTree = "<group>"; };
		98DC5C821D480591008C5334 /* Utils.swift */ = {isa = PBXFileReference; fileEncoding = 4; lastKnownFileType = sourcecode.swift; path = Utils.swift; sourceTree = "<group>"; };
		A0044C872228EDBC00329077 /* StoresConfiguration.json */ = {isa = PBXFileReference; fileEncoding = 4; lastKnownFileType = text.json; path = StoresConfiguration.json; sourceTree = "<group>"; };
		A0044C892228EDBC00329077 /* CYBSDropDownConstants.swift */ = {isa = PBXFileReference; fileEncoding = 4; lastKnownFileType = sourcecode.swift; path = CYBSDropDownConstants.swift; sourceTree = "<group>"; };
		A0044C8A2228EDBC00329077 /* CYBSDropDownCell.swift */ = {isa = PBXFileReference; fileEncoding = 4; lastKnownFileType = sourcecode.swift; path = CYBSDropDownCell.swift; sourceTree = "<group>"; };
		A0044C8B2228EDBC00329077 /* CYBSDropDownUIView+Extension.swift */ = {isa = PBXFileReference; fileEncoding = 4; lastKnownFileType = sourcecode.swift; path = "CYBSDropDownUIView+Extension.swift"; sourceTree = "<group>"; };
		A0044C8C2228EDBC00329077 /* CYBSKeyboardListener.swift */ = {isa = PBXFileReference; fileEncoding = 4; lastKnownFileType = sourcecode.swift; path = CYBSKeyboardListener.swift; sourceTree = "<group>"; };
		A0044C8D2228EDBC00329077 /* CYBSDropDown+Appearance.swift */ = {isa = PBXFileReference; fileEncoding = 4; lastKnownFileType = sourcecode.swift; path = "CYBSDropDown+Appearance.swift"; sourceTree = "<group>"; };
		A0044C8E2228EDBC00329077 /* CYBSDropDown.swift */ = {isa = PBXFileReference; fileEncoding = 4; lastKnownFileType = sourcecode.swift; path = CYBSDropDown.swift; sourceTree = "<group>"; };
		A0044C8F2228EDBC00329077 /* CYBSDropDownCell.xib */ = {isa = PBXFileReference; fileEncoding = 4; lastKnownFileType = file.xib; path = CYBSDropDownCell.xib; sourceTree = "<group>"; };
		A0044C982228F97D00329077 /* DeviceManagementViewController.swift */ = {isa = PBXFileReference; fileEncoding = 4; lastKnownFileType = sourcecode.swift; path = DeviceManagementViewController.swift; sourceTree = "<group>"; };
		A0259B6E219AA58B00C0531E /* BaseCell.swift */ = {isa = PBXFileReference; lastKnownFileType = sourcecode.swift; path = BaseCell.swift; sourceTree = "<group>"; };
		A0259B70219AA6E100C0531E /* ItemCell.swift */ = {isa = PBXFileReference; lastKnownFileType = sourcecode.swift; path = ItemCell.swift; sourceTree = "<group>"; };
		A0259B73219B2D9600C0531E /* TradeGothicLTStd-Bd2.otf */ = {isa = PBXFileReference; lastKnownFileType = file; path = "TradeGothicLTStd-Bd2.otf"; sourceTree = "<group>"; };
		A0259B74219B2D9600C0531E /* TradeGothicLTStd-Bd2Obl.otf */ = {isa = PBXFileReference; lastKnownFileType = file; path = "TradeGothicLTStd-Bd2Obl.otf"; sourceTree = "<group>"; };
		A0259B75219B2D9600C0531E /* TradeGothicLTStd-BdCn20.otf */ = {isa = PBXFileReference; lastKnownFileType = file; path = "TradeGothicLTStd-BdCn20.otf"; sourceTree = "<group>"; };
		A0259B76219B2D9600C0531E /* TradeGothicLTStd-BdCn20Obl.otf */ = {isa = PBXFileReference; lastKnownFileType = file; path = "TradeGothicLTStd-BdCn20Obl.otf"; sourceTree = "<group>"; };
		A0259B77219B2D9600C0531E /* TradeGothicLTStd-Bold.otf */ = {isa = PBXFileReference; lastKnownFileType = file; path = "TradeGothicLTStd-Bold.otf"; sourceTree = "<group>"; };
		A0259B78219B2D9600C0531E /* TradeGothicLTStd-BoldExt.otf */ = {isa = PBXFileReference; lastKnownFileType = file; path = "TradeGothicLTStd-BoldExt.otf"; sourceTree = "<group>"; };
		A0259B79219B2D9600C0531E /* TradeGothicLTStd-BoldObl.otf */ = {isa = PBXFileReference; lastKnownFileType = file; path = "TradeGothicLTStd-BoldObl.otf"; sourceTree = "<group>"; };
		A0259B7A219B2D9600C0531E /* TradeGothicLTStd-Cn18.otf */ = {isa = PBXFileReference; lastKnownFileType = file; path = "TradeGothicLTStd-Cn18.otf"; sourceTree = "<group>"; };
		A0259B7B219B2D9600C0531E /* TradeGothicLTStd-Cn18Obl.otf */ = {isa = PBXFileReference; lastKnownFileType = file; path = "TradeGothicLTStd-Cn18Obl.otf"; sourceTree = "<group>"; };
		A0259B7C219B2D9600C0531E /* TradeGothicLTStd-Extended.otf */ = {isa = PBXFileReference; lastKnownFileType = file; path = "TradeGothicLTStd-Extended.otf"; sourceTree = "<group>"; };
		A0259B7D219B2D9600C0531E /* TradeGothicLTStd-Light.otf */ = {isa = PBXFileReference; lastKnownFileType = file; path = "TradeGothicLTStd-Light.otf"; sourceTree = "<group>"; };
		A0259B7E219B2D9600C0531E /* TradeGothicLTStd-LightObl.otf */ = {isa = PBXFileReference; lastKnownFileType = file; path = "TradeGothicLTStd-LightObl.otf"; sourceTree = "<group>"; };
		A0259B7F219B2D9600C0531E /* TradeGothicLTStd-Obl.otf */ = {isa = PBXFileReference; lastKnownFileType = file; path = "TradeGothicLTStd-Obl.otf"; sourceTree = "<group>"; };
		A0259B80219B2D9600C0531E /* TradeGothicLTStd.otf */ = {isa = PBXFileReference; lastKnownFileType = file; path = TradeGothicLTStd.otf; sourceTree = "<group>"; };
		A06AB28021B52126001D343E /* AddressViewController.swift */ = {isa = PBXFileReference; lastKnownFileType = sourcecode.swift; path = AddressViewController.swift; sourceTree = "<group>"; };
		A0743BFD224DE6DB000743B3 /* SegmentCell.swift */ = {isa = PBXFileReference; fileEncoding = 4; lastKnownFileType = sourcecode.swift; path = SegmentCell.swift; sourceTree = "<group>"; };
		A0743BFE224DE6DB000743B3 /* DetailCell.swift */ = {isa = PBXFileReference; fileEncoding = 4; lastKnownFileType = sourcecode.swift; path = DetailCell.swift; sourceTree = "<group>"; };
		A0743BFF224DE6DB000743B3 /* TextFieldCell.swift */ = {isa = PBXFileReference; fileEncoding = 4; lastKnownFileType = sourcecode.swift; path = TextFieldCell.swift; sourceTree = "<group>"; };
		A0743C01224DE6DB000743B3 /* SwitchCell.swift */ = {isa = PBXFileReference; fileEncoding = 4; lastKnownFileType = sourcecode.swift; path = SwitchCell.swift; sourceTree = "<group>"; };
		A0743C07224DE751000743B3 /* Settings.storyboard */ = {isa = PBXFileReference; fileEncoding = 4; lastKnownFileType = file.storyboard; path = Settings.storyboard; sourceTree = "<group>"; };
		A0DD8EA0218B3B54009D66C3 /* OTAViewController.swift */ = {isa = PBXFileReference; fileEncoding = 4; lastKnownFileType = sourcecode.swift; path = OTAViewController.swift; sourceTree = "<group>"; };
		A0DD8EA2218B3B6D009D66C3 /* TransactionSignatureCell.swift */ = {isa = PBXFileReference; fileEncoding = 4; lastKnownFileType = sourcecode.swift; path = TransactionSignatureCell.swift; sourceTree = "<group>"; };
		F8A39B7D20D32778008E7E0E /* SettingsViewController.swift */ = {isa = PBXFileReference; lastKnownFileType = sourcecode.swift; path = SettingsViewController.swift; sourceTree = "<group>"; };
		F8C6BC6921FE9B6100A3ADA0 /* CYBSMposKit.framework */ = {isa = PBXFileReference; lastKnownFileType = wrapper.framework; name = CYBSMposKit.framework; path = ../Framework/universal/CYBSMposKit.framework; sourceTree = "<group>"; };
/* End PBXFileReference section */

/* Begin PBXFrameworksBuildPhase section */
		4BC2965F1C5A814700CC7063 /* Frameworks */ = {
			isa = PBXFrameworksBuildPhase;
			buildActionMask = 2147483647;
			files = (
				46BE7C07204E160E0067A475 /* AVFoundation.framework in Frameworks */,
				46BE7C05204E16030067A475 /* CoreBluetooth.framework in Frameworks */,
				46BE7C03204E15F20067A475 /* MediaPlayer.framework in Frameworks */,
				46BE7C01204E15E70067A475 /* CoreAudio.framework in Frameworks */,
				46BE7BFF204E15D90067A475 /* AudioToolbox.framework in Frameworks */,
				46BE7BF1204E0B4E0067A475 /* ExternalAccessory.framework in Frameworks */,
				F8C6BC6A21FE9B6100A3ADA0 /* CYBSMposKit.framework in Frameworks */,
			);
			runOnlyForDeploymentPostprocessing = 0;
		};
/* End PBXFrameworksBuildPhase section */

/* Begin PBXGroup section */
		46BE7BEE204E0AD10067A475 /* Frameworks */ = {
			isa = PBXGroup;
			children = (
				46BE7C06204E160E0067A475 /* AVFoundation.framework */,
				46BE7C04204E16030067A475 /* CoreBluetooth.framework */,
				46BE7C02204E15F20067A475 /* MediaPlayer.framework */,
				46BE7C00204E15E70067A475 /* CoreAudio.framework */,
				46BE7BFE204E15D90067A475 /* AudioToolbox.framework */,
				46BE7BEF204E0AD20067A475 /* ExternalAccessory.framework */,
			);
			name = Frameworks;
			sourceTree = "<group>";
		};
		4BC296591C5A814700CC7063 = {
			isa = PBXGroup;
			children = (
				F8C6BC6921FE9B6100A3ADA0 /* CYBSMposKit.framework */,
				4BC296641C5A814700CC7063 /* CYBSMposKitDemo */,
				4BC296631C5A814700CC7063 /* Products */,
				46BE7BEE204E0AD10067A475 /* Frameworks */,
			);
			sourceTree = "<group>";
		};
		4BC296631C5A814700CC7063 /* Products */ = {
			isa = PBXGroup;
			children = (
				4BC296621C5A814700CC7063 /* CYBSMposKitDemo.app */,
			);
			name = Products;
			sourceTree = "<group>";
		};
		4BC296641C5A814700CC7063 /* CYBSMposKitDemo */ = {
			isa = PBXGroup;
			children = (
				F890EB6D20DD964900EB04B9 /* Settings */,
				4BC296651C5A814700CC7063 /* AppDelegate.swift */,
				4BC2966C1C5A814700CC7063 /* Assets.xcassets */,
				4BC2967C1C5AD30500CC7063 /* CYBSMposKitDemo-Bridging-Header.h */,
				98AE00821D4A6AC0007ACA49 /* HistoryTableViewCell.swift */,
				985FA9211D2DB15A000CA276 /* HistoryTableViewController.swift */,
				4BC296711C5A814700CC7063 /* Info.plist */,
				A0259B72219B2D9600C0531E /* trade_gothic_lt_std */,
				9878504D1D10D8AE0048490A /* KeychainStore.h */,
				9878504E1D10D8AE0048490A /* KeychainStore.m */,
				4BC2966E1C5A814700CC7063 /* LaunchScreen.storyboard */,
				4BC296691C5A814700CC7063 /* Main.storyboard */,
				4BC296671C5A814700CC7063 /* PlaceOrderViewController.swift */,
				98DC5C821D480591008C5334 /* Utils.swift */,
				988443A01D4B2A9A00EE332E /* SearchTableViewController.swift */,
				988443AC1D4BB53D00EE332E /* TransactionDetailTableViewController.swift */,
				98812D841D5D63DF0061EF7C /* TransactionActionCell.swift */,
				A0DD8EA2218B3B6D009D66C3 /* TransactionSignatureCell.swift */,
				989BA9211D63BF4100DE2A0C /* PlaceOrderView.swift */,
				46D1551A1F90249500A8D6FC /* CustomRadioButton.swift */,
				A0DD8EA0218B3B54009D66C3 /* OTAViewController.swift */,
				A06AB28021B52126001D343E /* AddressViewController.swift */,
				2E07D88E2227EA7200A3FEBF /* AboutWebViewController.swift */,
				A0259B6D219AA45400C0531E /* Items */,
				89F4AA1021ADF7330049873E /* AddItemsViewController.swift */,
				897C51C221B7E4FB00CD38B7 /* EnterKeyedInDetailsViewController.swift */,
				A0044C982228F97D00329077 /* DeviceManagementViewController.swift */,
				A0044C862228EDBC00329077 /* StoresConfiguration */,
			);
			path = CYBSMposKitDemo;
			sourceTree = "<group>";
		};
		A0044C862228EDBC00329077 /* StoresConfiguration */ = {
			isa = PBXGroup;
			children = (
				A0044C872228EDBC00329077 /* StoresConfiguration.json */,
				A0044C882228EDBC00329077 /* CYBSDropDown */,
			);
			path = StoresConfiguration;
			sourceTree = "<group>";
		};
		A0044C882228EDBC00329077 /* CYBSDropDown */ = {
			isa = PBXGroup;
			children = (
				A0044C892228EDBC00329077 /* CYBSDropDownConstants.swift */,
				A0044C8A2228EDBC00329077 /* CYBSDropDownCell.swift */,
				A0044C8B2228EDBC00329077 /* CYBSDropDownUIView+Extension.swift */,
				A0044C8C2228EDBC00329077 /* CYBSKeyboardListener.swift */,
				A0044C8D2228EDBC00329077 /* CYBSDropDown+Appearance.swift */,
				A0044C8E2228EDBC00329077 /* CYBSDropDown.swift */,
				A0044C8F2228EDBC00329077 /* CYBSDropDownCell.xib */,
			);
			path = CYBSDropDown;
			sourceTree = "<group>";
		};
		A0259B6D219AA45400C0531E /* Items */ = {
			isa = PBXGroup;
			children = (
				A0259B6E219AA58B00C0531E /* BaseCell.swift */,
				A0259B70219AA6E100C0531E /* ItemCell.swift */,
			);
			path = Items;
			sourceTree = "<group>";
		};
		A0259B72219B2D9600C0531E /* trade_gothic_lt_std */ = {
			isa = PBXGroup;
			children = (
				A0259B73219B2D9600C0531E /* TradeGothicLTStd-Bd2.otf */,
				A0259B74219B2D9600C0531E /* TradeGothicLTStd-Bd2Obl.otf */,
				A0259B75219B2D9600C0531E /* TradeGothicLTStd-BdCn20.otf */,
				A0259B76219B2D9600C0531E /* TradeGothicLTStd-BdCn20Obl.otf */,
				A0259B77219B2D9600C0531E /* TradeGothicLTStd-Bold.otf */,
				A0259B78219B2D9600C0531E /* TradeGothicLTStd-BoldExt.otf */,
				A0259B79219B2D9600C0531E /* TradeGothicLTStd-BoldObl.otf */,
				A0259B7A219B2D9600C0531E /* TradeGothicLTStd-Cn18.otf */,
				A0259B7B219B2D9600C0531E /* TradeGothicLTStd-Cn18Obl.otf */,
				A0259B7C219B2D9600C0531E /* TradeGothicLTStd-Extended.otf */,
				A0259B7D219B2D9600C0531E /* TradeGothicLTStd-Light.otf */,
				A0259B7E219B2D9600C0531E /* TradeGothicLTStd-LightObl.otf */,
				A0259B7F219B2D9600C0531E /* TradeGothicLTStd-Obl.otf */,
				A0259B80219B2D9600C0531E /* TradeGothicLTStd.otf */,
			);
			path = trade_gothic_lt_std;
			sourceTree = "<group>";
		};
		A0743BFC224DE6DB000743B3 /* Views */ = {
			isa = PBXGroup;
			children = (
				A0743BFD224DE6DB000743B3 /* SegmentCell.swift */,
				A0743BFE224DE6DB000743B3 /* DetailCell.swift */,
				A0743BFF224DE6DB000743B3 /* TextFieldCell.swift */,
				A0743C01224DE6DB000743B3 /* SwitchCell.swift */,
				A0743C07224DE751000743B3 /* Settings.storyboard */,
			);
			path = Views;
			sourceTree = "<group>";
		};
		F890EB6D20DD964900EB04B9 /* Settings */ = {
			isa = PBXGroup;
			children = (
				A0743BFC224DE6DB000743B3 /* Views */,
				F8A39B7D20D32778008E7E0E /* SettingsViewController.swift */,
				987850471D10C6070048490A /* Settings.swift */,
			);
			path = Settings;
			sourceTree = "<group>";
		};
/* End PBXGroup section */

/* Begin PBXNativeTarget section */
		4BC296611C5A814700CC7063 /* CYBSMposKitDemo */ = {
			isa = PBXNativeTarget;
			buildConfigurationList = 4BC296741C5A814700CC7063 /* Build configuration list for PBXNativeTarget "CYBSMposKitDemo" */;
			buildPhases = (
				4BC2965E1C5A814700CC7063 /* Sources */,
				4BC2965F1C5A814700CC7063 /* Frameworks */,
				4BC296601C5A814700CC7063 /* Resources */,
				F8C6BC6C21FE9B6100A3ADA0 /* Embed Frameworks */,
			);
			buildRules = (
			);
			dependencies = (
			);
			name = CYBSMposKitDemo;
			productName = VMposKitDemo;
			productReference = 4BC296621C5A814700CC7063 /* CYBSMposKitDemo.app */;
			productType = "com.apple.product-type.application";
		};
/* End PBXNativeTarget section */

/* Begin PBXProject section */
		4BC2965A1C5A814700CC7063 /* Project object */ = {
			isa = PBXProject;
			attributes = {
				LastSwiftUpdateCheck = 0710;
				LastUpgradeCheck = 0920;
				ORGANIZATIONNAME = CyberSource;
				TargetAttributes = {
					4BC296611C5A814700CC7063 = {
						CreatedOnToolsVersion = 7.1;
						DevelopmentTeam = 47PAWXB6W8;
						LastSwiftMigration = 0800;
						ProvisioningStyle = Automatic;
						SystemCapabilities = {
							com.apple.BackgroundModes = {
								enabled = 1;
							};
						};
					};
				};
			};
			buildConfigurationList = 4BC2965D1C5A814700CC7063 /* Build configuration list for PBXProject "CYBSMposKitDemo" */;
			compatibilityVersion = "Xcode 3.2";
			developmentRegion = English;
			hasScannedForEncodings = 0;
			knownRegions = (
				English,
				en,
				Base,
			);
			mainGroup = 4BC296591C5A814700CC7063;
			productRefGroup = 4BC296631C5A814700CC7063 /* Products */;
			projectDirPath = "";
			projectRoot = "";
			targets = (
				4BC296611C5A814700CC7063 /* CYBSMposKitDemo */,
			);
		};
/* End PBXProject section */

/* Begin PBXResourcesBuildPhase section */
		4BC296601C5A814700CC7063 /* Resources */ = {
			isa = PBXResourcesBuildPhase;
			buildActionMask = 2147483647;
			files = (
				A0259B8E219B2DC600C0531E /* TradeGothicLTStd.otf in Resources */,
				4BC296701C5A814700CC7063 /* LaunchScreen.storyboard in Resources */,
				A0259B8A219B2DC600C0531E /* TradeGothicLTStd-Extended.otf in Resources */,
				A0044C972228EDBC00329077 /* CYBSDropDownCell.xib in Resources */,
				A0259B84219B2DC600C0531E /* TradeGothicLTStd-BdCn20Obl.otf in Resources */,
				4BC2966D1C5A814700CC7063 /* Assets.xcassets in Resources */,
				A0743C08224DE751000743B3 /* Settings.storyboard in Resources */,
				A0259B83219B2DC600C0531E /* TradeGothicLTStd-BdCn20.otf in Resources */,
				A0259B81219B2DC600C0531E /* TradeGothicLTStd-Bd2.otf in Resources */,
				A0259B8B219B2DC600C0531E /* TradeGothicLTStd-Light.otf in Resources */,
				A0259B89219B2DC600C0531E /* TradeGothicLTStd-Cn18Obl.otf in Resources */,
				A0259B8D219B2DC600C0531E /* TradeGothicLTStd-Obl.otf in Resources */,
				4BC2966B1C5A814700CC7063 /* Main.storyboard in Resources */,
				A0259B85219B2DC600C0531E /* TradeGothicLTStd-Bold.otf in Resources */,
				A0044C902228EDBC00329077 /* StoresConfiguration.json in Resources */,
				A0259B86219B2DC600C0531E /* TradeGothicLTStd-BoldExt.otf in Resources */,
				A0259B88219B2DC600C0531E /* TradeGothicLTStd-Cn18.otf in Resources */,
				A0259B82219B2DC600C0531E /* TradeGothicLTStd-Bd2Obl.otf in Resources */,
				A0259B87219B2DC600C0531E /* TradeGothicLTStd-BoldObl.otf in Resources */,
				A0259B8C219B2DC600C0531E /* TradeGothicLTStd-LightObl.otf in Resources */,
			);
			runOnlyForDeploymentPostprocessing = 0;
		};
/* End PBXResourcesBuildPhase section */

/* Begin PBXSourcesBuildPhase section */
		4BC2965E1C5A814700CC7063 /* Sources */ = {
			isa = PBXSourcesBuildPhase;
			buildActionMask = 2147483647;
			files = (
				988443AD1D4BB53D00EE332E /* TransactionDetailTableViewController.swift in Sources */,
				98AE00831D4A6AC0007ACA49 /* HistoryTableViewCell.swift in Sources */,
				4BC296681C5A814700CC7063 /* PlaceOrderViewController.swift in Sources */,
				A0743C02224DE6DB000743B3 /* SegmentCell.swift in Sources */,
				A0259B6F219AA58B00C0531E /* BaseCell.swift in Sources */,
				9878504F1D10D8AE0048490A /* KeychainStore.m in Sources */,
				46D1551B1F90249500A8D6FC /* CustomRadioButton.swift in Sources */,
				A0DD8EA3218B3B6D009D66C3 /* TransactionSignatureCell.swift in Sources */,
				4BC296661C5A814700CC7063 /* AppDelegate.swift in Sources */,
				A0044C962228EDBC00329077 /* CYBSDropDown.swift in Sources */,
				98812D851D5D63DF0061EF7C /* TransactionActionCell.swift in Sources */,
				89F4AA1121ADF7330049873E /* AddItemsViewController.swift in Sources */,
				897C51C321B7E4FB00CD38B7 /* EnterKeyedInDetailsViewController.swift in Sources */,
				F8A39B7E20D32778008E7E0E /* SettingsViewController.swift in Sources */,
				2E07D88F2227EA7200A3FEBF /* AboutWebViewController.swift in Sources */,
				A0DD8EAC218B4A03009D66C3 /* OTAViewController.swift in Sources */,
				A0044C922228EDBC00329077 /* CYBSDropDownCell.swift in Sources */,
				985FA9221D2DB15A000CA276 /* HistoryTableViewController.swift in Sources */,
				988443A11D4B2A9A00EE332E /* SearchTableViewController.swift in Sources */,
				989BA9221D63BF4100DE2A0C /* PlaceOrderView.swift in Sources */,
				A0743C03224DE6DB000743B3 /* DetailCell.swift in Sources */,
				A0044C992228F97D00329077 /* DeviceManagementViewController.swift in Sources */,
				A0743C04224DE6DB000743B3 /* TextFieldCell.swift in Sources */,
				987850481D10C6070048490A /* Settings.swift in Sources */,
				A0044C942228EDBC00329077 /* CYBSKeyboardListener.swift in Sources */,
				98DC5C831D480591008C5334 /* Utils.swift in Sources */,
				A06AB28121B52126001D343E /* AddressViewController.swift in Sources */,
				A0044C932228EDBC00329077 /* CYBSDropDownUIView+Extension.swift in Sources */,
				A0259B71219AA6E100C0531E /* ItemCell.swift in Sources */,
				A0743C06224DE6DB000743B3 /* SwitchCell.swift in Sources */,
				A0044C952228EDBC00329077 /* CYBSDropDown+Appearance.swift in Sources */,
				A0044C912228EDBC00329077 /* CYBSDropDownConstants.swift in Sources */,
			);
			runOnlyForDeploymentPostprocessing = 0;
		};
/* End PBXSourcesBuildPhase section */

/* Begin PBXVariantGroup section */
		4BC296691C5A814700CC7063 /* Main.storyboard */ = {
			isa = PBXVariantGroup;
			children = (
				4BC2966A1C5A814700CC7063 /* Base */,
			);
			name = Main.storyboard;
			sourceTree = "<group>";
		};
		4BC2966E1C5A814700CC7063 /* LaunchScreen.storyboard */ = {
			isa = PBXVariantGroup;
			children = (
				4BC2966F1C5A814700CC7063 /* Base */,
			);
			name = LaunchScreen.storyboard;
			sourceTree = "<group>";
		};
/* End PBXVariantGroup section */

/* Begin XCBuildConfiguration section */
		4BC296721C5A814700CC7063 /* Debug */ = {
			isa = XCBuildConfiguration;
			buildSettings = {
				ALWAYS_SEARCH_USER_PATHS = NO;
				CLANG_CXX_LANGUAGE_STANDARD = "gnu++0x";
				CLANG_CXX_LIBRARY = "libc++";
				CLANG_ENABLE_MODULES = YES;
				CLANG_ENABLE_OBJC_ARC = YES;
				CLANG_WARN_BLOCK_CAPTURE_AUTORELEASING = YES;
				CLANG_WARN_BOOL_CONVERSION = YES;
				CLANG_WARN_COMMA = YES;
				CLANG_WARN_CONSTANT_CONVERSION = YES;
				CLANG_WARN_DIRECT_OBJC_ISA_USAGE = YES_ERROR;
				CLANG_WARN_EMPTY_BODY = YES;
				CLANG_WARN_ENUM_CONVERSION = YES;
				CLANG_WARN_INFINITE_RECURSION = YES;
				CLANG_WARN_INT_CONVERSION = YES;
				CLANG_WARN_NON_LITERAL_NULL_CONVERSION = YES;
				CLANG_WARN_OBJC_LITERAL_CONVERSION = YES;
				CLANG_WARN_OBJC_ROOT_CLASS = YES_ERROR;
				CLANG_WARN_RANGE_LOOP_ANALYSIS = YES;
				CLANG_WARN_STRICT_PROTOTYPES = YES;
				CLANG_WARN_SUSPICIOUS_MOVE = YES;
				CLANG_WARN_UNREACHABLE_CODE = YES;
				CLANG_WARN__DUPLICATE_METHOD_MATCH = YES;
				"CODE_SIGN_IDENTITY[sdk=iphoneos*]" = "iPhone Developer";
				COPY_PHASE_STRIP = NO;
				DEBUG_INFORMATION_FORMAT = dwarf;
				ENABLE_STRICT_OBJC_MSGSEND = YES;
				ENABLE_TESTABILITY = YES;
				GCC_C_LANGUAGE_STANDARD = gnu99;
				GCC_DYNAMIC_NO_PIC = NO;
				GCC_NO_COMMON_BLOCKS = YES;
				GCC_OPTIMIZATION_LEVEL = 0;
				GCC_PREPROCESSOR_DEFINITIONS = (
					"DEBUG=1",
					"$(inherited)",
				);
				GCC_WARN_64_TO_32_BIT_CONVERSION = YES;
				GCC_WARN_ABOUT_RETURN_TYPE = YES_ERROR;
				GCC_WARN_UNDECLARED_SELECTOR = YES;
				GCC_WARN_UNINITIALIZED_AUTOS = YES_AGGRESSIVE;
				GCC_WARN_UNUSED_FUNCTION = YES;
				GCC_WARN_UNUSED_VARIABLE = YES;
				IPHONEOS_DEPLOYMENT_TARGET = 9.0;
				MTL_ENABLE_DEBUG_INFO = YES;
				ONLY_ACTIVE_ARCH = YES;
				SDKROOT = iphoneos;
				SWIFT_OPTIMIZATION_LEVEL = "-Onone";
			};
			name = Debug;
		};
		4BC296731C5A814700CC7063 /* Release */ = {
			isa = XCBuildConfiguration;
			buildSettings = {
				ALWAYS_SEARCH_USER_PATHS = NO;
				CLANG_CXX_LANGUAGE_STANDARD = "gnu++0x";
				CLANG_CXX_LIBRARY = "libc++";
				CLANG_ENABLE_MODULES = YES;
				CLANG_ENABLE_OBJC_ARC = YES;
				CLANG_WARN_BLOCK_CAPTURE_AUTORELEASING = YES;
				CLANG_WARN_BOOL_CONVERSION = YES;
				CLANG_WARN_COMMA = YES;
				CLANG_WARN_CONSTANT_CONVERSION = YES;
				CLANG_WARN_DIRECT_OBJC_ISA_USAGE = YES_ERROR;
				CLANG_WARN_EMPTY_BODY = YES;
				CLANG_WARN_ENUM_CONVERSION = YES;
				CLANG_WARN_INFINITE_RECURSION = YES;
				CLANG_WARN_INT_CONVERSION = YES;
				CLANG_WARN_NON_LITERAL_NULL_CONVERSION = YES;
				CLANG_WARN_OBJC_LITERAL_CONVERSION = YES;
				CLANG_WARN_OBJC_ROOT_CLASS = YES_ERROR;
				CLANG_WARN_RANGE_LOOP_ANALYSIS = YES;
				CLANG_WARN_STRICT_PROTOTYPES = YES;
				CLANG_WARN_SUSPICIOUS_MOVE = YES;
				CLANG_WARN_UNREACHABLE_CODE = YES;
				CLANG_WARN__DUPLICATE_METHOD_MATCH = YES;
				"CODE_SIGN_IDENTITY[sdk=iphoneos*]" = "iPhone Developer";
				COPY_PHASE_STRIP = NO;
				DEBUG_INFORMATION_FORMAT = "dwarf-with-dsym";
				ENABLE_NS_ASSERTIONS = NO;
				ENABLE_STRICT_OBJC_MSGSEND = YES;
				GCC_C_LANGUAGE_STANDARD = gnu99;
				GCC_NO_COMMON_BLOCKS = YES;
				GCC_WARN_64_TO_32_BIT_CONVERSION = YES;
				GCC_WARN_ABOUT_RETURN_TYPE = YES_ERROR;
				GCC_WARN_UNDECLARED_SELECTOR = YES;
				GCC_WARN_UNINITIALIZED_AUTOS = YES_AGGRESSIVE;
				GCC_WARN_UNUSED_FUNCTION = YES;
				GCC_WARN_UNUSED_VARIABLE = YES;
				IPHONEOS_DEPLOYMENT_TARGET = 9.0;
				MTL_ENABLE_DEBUG_INFO = NO;
				ONLY_ACTIVE_ARCH = NO;
				SDKROOT = iphoneos;
				SWIFT_OPTIMIZATION_LEVEL = "-Owholemodule";
				VALIDATE_PRODUCT = YES;
			};
			name = Release;
		};
		4BC296751C5A814700CC7063 /* Debug */ = {
			isa = XCBuildConfiguration;
			buildSettings = {
				ASSETCATALOG_COMPILER_APPICON_NAME = AppIcon;
				CODE_SIGN_IDENTITY = "iPhone Developer";
				"CODE_SIGN_IDENTITY[sdk=iphoneos*]" = "iPhone Developer";
				CODE_SIGN_STYLE = Automatic;
				DEVELOPMENT_TEAM = 47PAWXB6W8;
				EMBED_ASSET_PACKS_IN_PRODUCT_BUNDLE = YES;
				ENABLE_BITCODE = NO;
				FRAMEWORK_SEARCH_PATHS = (
					"$(inherited)",
					"$(PROJECT_DIR)/../Framework/universal",
				);
				INFOPLIST_FILE = CYBSMposKitDemo/Info.plist;
				IPHONEOS_DEPLOYMENT_TARGET = 9.0;
				LD_RUNPATH_SEARCH_PATHS = "$(inherited) @executable_path/Frameworks";
				ONLY_ACTIVE_ARCH = YES;
				OTHER_LDFLAGS = "-ObjC";
				OTHER_SWIFT_FLAGS = "-DDEBUG";
				PRODUCT_BUNDLE_IDENTIFIER = com.visa.cybersource.CybsMposKitDemoApp;
				PRODUCT_NAME = CYBSMposKitDemo;
				PROVISIONING_PROFILE = "";
				PROVISIONING_PROFILE_SPECIFIER = "";
				SWIFT_OBJC_BRIDGING_HEADER = "CYBSMposKitDemo/CYBSMposKitDemo-Bridging-Header.h";
				SWIFT_VERSION = 5.0;
				TARGETED_DEVICE_FAMILY = "1,2";
			};
			name = Debug;
		};
		4BC296761C5A814700CC7063 /* Release */ = {
			isa = XCBuildConfiguration;
			buildSettings = {
				ASSETCATALOG_COMPILER_APPICON_NAME = AppIcon;
				CODE_SIGN_IDENTITY = "iPhone Developer";
				"CODE_SIGN_IDENTITY[sdk=iphoneos*]" = "iPhone Developer";
				CODE_SIGN_STYLE = Automatic;
				DEVELOPMENT_TEAM = 47PAWXB6W8;
				EMBED_ASSET_PACKS_IN_PRODUCT_BUNDLE = YES;
				ENABLE_BITCODE = NO;
				FRAMEWORK_SEARCH_PATHS = (
					"$(inherited)",
					"$(PROJECT_DIR)/../Framework/universal",
				);
				INFOPLIST_FILE = CYBSMposKitDemo/Info.plist;
				IPHONEOS_DEPLOYMENT_TARGET = 9.0;
				LD_RUNPATH_SEARCH_PATHS = "$(inherited) @executable_path/Frameworks";
				ONLY_ACTIVE_ARCH = YES;
				OTHER_LDFLAGS = "-ObjC";
				PRODUCT_BUNDLE_IDENTIFIER = com.visa.cybersource.CybsMposKitDemoApp;
				PRODUCT_NAME = CYBSMposKitDemo;
				PROVISIONING_PROFILE = "";
				PROVISIONING_PROFILE_SPECIFIER = "";
				SWIFT_OBJC_BRIDGING_HEADER = "CYBSMposKitDemo/CYBSMposKitDemo-Bridging-Header.h";
				SWIFT_VERSION = 5.0;
				TARGETED_DEVICE_FAMILY = "1,2";
			};
			name = Release;
		};
/* End XCBuildConfiguration section */

/* Begin XCConfigurationList section */
		4BC2965D1C5A814700CC7063 /* Build configuration list for PBXProject "CYBSMposKitDemo" */ = {
			isa = XCConfigurationList;
			buildConfigurations = (
				4BC296721C5A814700CC7063 /* Debug */,
				4BC296731C5A814700CC7063 /* Release */,
			);
			defaultConfigurationIsVisible = 0;
			defaultConfigurationName = Release;
		};
		4BC296741C5A814700CC7063 /* Build configuration list for PBXNativeTarget "CYBSMposKitDemo" */ = {
			isa = XCConfigurationList;
			buildConfigurations = (
				4BC296751C5A814700CC7063 /* Debug */,
				4BC296761C5A814700CC7063 /* Release */,
			);
			defaultConfigurationIsVisible = 0;
			defaultConfigurationName = Release;
		};
/* End XCConfigurationList section */
	};
	rootObject = 4BC2965A1C5A814700CC7063 /* Project object */;
}
